
Microsoft Visual Studio Solution File, Format Version 12.00
# Visual Studio Version 17
VisualStudioVersion = 17.0.32112.339
MinimumVisualStudioVersion = 10.0.40219.1
Project("{8BC9CEB8-8B4A-11D0-8D11-00A0C91BC942}") = "이니로과제 05.02", "이니로과제 05.02.vcxproj", "{DD3906FE-7383-4A4E-91B9-119423909B82}"
EndProject
Global
	GlobalSection(SolutionConfigurationPlatforms) = preSolution
		Debug|x64 = Debug|x64
		Debug|x86 = Debug|x86
		Release|x64 = Release|x64
		Release|x86 = Release|x86
	EndGlobalSection
	GlobalSection(ProjectConfigurationPlatforms) = postSolution
		{DD3906FE-7383-4A4E-91B9-119423909B82}.Debug|x64.ActiveCfg = Debug|x64
		{DD3906FE-7383-4A4E-91B9-119423909B82}.Debug|x64.Build.0 = Debug|x64
		{DD3906FE-7383-4A4E-91B9-119423909B82}.Debug|x86.ActiveCfg = Debug|Win32
		{DD3906FE-7383-4A4E-91B9-119423909B82}.Debug|x86.Build.0 = Debug|Win32
		{DD3906FE-7383-4A4E-91B9-119423909B82}.Release|x64.ActiveCfg = Release|x64
		{DD3906FE-7383-4A4E-91B9-119423909B82}.Release|x64.Build.0 = Release|x64
		{DD3906FE-7383-4A4E-91B9-119423909B82}.Release|x86.ActiveCfg = Release|Win32
		{DD3906FE-7383-4A4E-91B9-119423909B82}.Release|x86.Build.0 = Release|Win32
	EndGlobalSection
	GlobalSection(SolutionProperties) = preSolution
		HideSolutionNode = FALSE
	EndGlobalSection
	GlobalSection(ExtensibilityGlobals) = postSolution
		SolutionGuid = {150A6507-B3E6-4441-A4F7-FB9F417052CA}
	EndGlobalSection
EndGlobal
